{
  "version": 4,
  "terraform_version": "1.5.7",
  "serial": 1,
  "lineage": "a07e9137-ee81-03df-d204-9297cc7fb1ad",
  "outputs": {},
  "resources": [
    {
      "mode": "data",
      "type": "google_compute_network",
      "name": "my-network78933",
      "provider": "provider[\"registry.terraform.io/hashicorp/google\"]",
      "instances": [
        {
          "schema_version": 0,
          "attributes": {
            "description": "",
            "gateway_ipv4": "",
            "id": "projects/terraform-gcp-test-12345/global/networks/my-network78933",
            "name": "my-network78933",
            "project": null,
            "self_link": "https://www.googleapis.com/compute/v1/projects/terraform-gcp-test-12345/global/networks/my-network78933",
            "subnetworks_self_links": [
              "https://www.googleapis.com/compute/v1/projects/terraform-gcp-test-12345/regions/australia-southeast2/subnetworks/my-network78933",
              "https://www.googleapis.com/compute/v1/projects/terraform-gcp-test-12345/regions/northamerica-northeast1/subnetworks/my-network78933",
              "https://www.googleapis.com/compute/v1/projects/terraform-gcp-test-12345/regions/europe-west4/subnetworks/my-network78933",
              "https://www.googleapis.com/compute/v1/projects/terraform-gcp-test-12345/regions/europe-southwest1/subnetworks/my-network78933",
              "https://www.googleapis.com/compute/v1/projects/terraform-gcp-test-12345/regions/us-west3/subnetworks/my-network78933",
              "https://www.googleapis.com/compute/v1/projects/terraform-gcp-test-12345/regions/europe-west2/subnetworks/my-network78933",
              "https://www.googleapis.com/compute/v1/projects/terraform-gcp-test-12345/regions/us-east5/subnetworks/my-network78933",
              "https://www.googleapis.com/compute/v1/projects/terraform-gcp-test-12345/regions/us-central1/subnetworks/my-network78933",
              "https://www.googleapis.com/compute/v1/projects/terraform-gcp-test-12345/regions/asia-southeast2/subnetworks/my-network78933",
              "https://www.googleapis.com/compute/v1/projects/terraform-gcp-test-12345/regions/us-south1/subnetworks/my-network78933",
              "https://www.googleapis.com/compute/v1/projects/terraform-gcp-test-12345/regions/europe-west6/subnetworks/my-network78933",
              "https://www.googleapis.com/compute/v1/projects/terraform-gcp-test-12345/regions/asia-south2/subnetworks/my-network78933",
              "https://www.googleapis.com/compute/v1/projects/terraform-gcp-test-12345/regions/europe-west8/subnetworks/my-network78933",
              "https://www.googleapis.com/compute/v1/projects/terraform-gcp-test-12345/regions/us-west2/subnetworks/my-network78933",
              "https://www.googleapis.com/compute/v1/projects/terraform-gcp-test-12345/regions/europe-west10/subnetworks/my-network78933",
              "https://www.googleapis.com/compute/v1/projects/terraform-gcp-test-12345/regions/europe-west3/subnetworks/my-network78933",
              "https://www.googleapis.com/compute/v1/projects/terraform-gcp-test-12345/regions/us-west1/subnetworks/my-network78933",
              "https://www.googleapis.com/compute/v1/projects/terraform-gcp-test-12345/regions/asia-northeast2/subnetworks/my-network78933",
              "https://www.googleapis.com/compute/v1/projects/terraform-gcp-test-12345/regions/asia-east2/subnetworks/my-network78933",
              "https://www.googleapis.com/compute/v1/projects/terraform-gcp-test-12345/regions/me-central1/subnetworks/my-network78933",
              "https://www.googleapis.com/compute/v1/projects/terraform-gcp-test-12345/regions/europe-west12/subnetworks/my-network78933",
              "https://www.googleapis.com/compute/v1/projects/terraform-gcp-test-12345/regions/southamerica-east1/subnetworks/my-network78933",
              "https://www.googleapis.com/compute/v1/projects/terraform-gcp-test-12345/regions/europe-west9/subnetworks/my-network78933",
              "https://www.googleapis.com/compute/v1/projects/terraform-gcp-test-12345/regions/us-east4/subnetworks/my-network78933",
              "https://www.googleapis.com/compute/v1/projects/terraform-gcp-test-12345/regions/me-west1/subnetworks/my-network78933",
              "https://www.googleapis.com/compute/v1/projects/terraform-gcp-test-12345/regions/asia-southeast1/subnetworks/my-network78933",
              "https://www.googleapis.com/compute/v1/projects/terraform-gcp-test-12345/regions/australia-southeast1/subnetworks/my-network78933",
              "https://www.googleapis.com/compute/v1/projects/terraform-gcp-test-12345/regions/europe-central2/subnetworks/my-network78933",
              "https://www.googleapis.com/compute/v1/projects/terraform-gcp-test-12345/regions/me-central2/subnetworks/my-network78933",
              "https://www.googleapis.com/compute/v1/projects/terraform-gcp-test-12345/regions/us-east7/subnetworks/my-network78933",
              "https://www.googleapis.com/compute/v1/projects/terraform-gcp-test-12345/regions/africa-south1/subnetworks/my-network78933",
              "https://www.googleapis.com/compute/v1/projects/terraform-gcp-test-12345/regions/asia-northeast3/subnetworks/my-network78933",
              "https://www.googleapis.com/compute/v1/projects/terraform-gcp-test-12345/regions/northamerica-northeast2/subnetworks/my-network78933",
              "https://www.googleapis.com/compute/v1/projects/terraform-gcp-test-12345/regions/us-west4/subnetworks/my-network78933",
              "https://www.googleapis.com/compute/v1/projects/terraform-gcp-test-12345/regions/asia-northeast1/subnetworks/my-network78933",
              "https://www.googleapis.com/compute/v1/projects/terraform-gcp-test-12345/regions/us-west8/subnetworks/my-network78933",
              "https://www.googleapis.com/compute/v1/projects/terraform-gcp-test-12345/regions/asia-east1/subnetworks/my-network78933",
              "https://www.googleapis.com/compute/v1/projects/terraform-gcp-test-12345/regions/us-east1/subnetworks/my-network78933",
              "https://www.googleapis.com/compute/v1/projects/terraform-gcp-test-12345/regions/europe-north1/subnetworks/my-network78933",
              "https://www.googleapis.com/compute/v1/projects/terraform-gcp-test-12345/regions/europe-west1/subnetworks/my-network78933",
              "https://www.googleapis.com/compute/v1/projects/terraform-gcp-test-12345/regions/asia-south1/subnetworks/my-network78933",
              "https://www.googleapis.com/compute/v1/projects/terraform-gcp-test-12345/regions/southamerica-west1/subnetworks/my-network78933"
            ]
          },
          "sensitive_attributes": []
        }
      ]
    },
    {
      "mode": "managed",
      "type": "google_compute_instance",
      "name": "vm_instance",
      "provider": "provider[\"registry.terraform.io/hashicorp/google\"]",
      "instances": [
        {
          "schema_version": 6,
          "attributes": {
            "advanced_machine_features": [],
            "allow_stopping_for_update": null,
            "attached_disk": [],
            "boot_disk": [
              {
                "auto_delete": true,
                "device_name": "persistent-disk-0",
                "disk_encryption_key_raw": "",
                "disk_encryption_key_sha256": "",
                "initialize_params": [
                  {
                    "image": "https://www.googleapis.com/compute/v1/projects/centos-cloud/global/images/centos-7-v20231113",
                    "labels": {},
                    "size": 20,
                    "type": "pd-standard"
                  }
                ],
                "kms_key_self_link": "",
                "mode": "READ_WRITE",
                "source": "https://www.googleapis.com/compute/v1/projects/terraform-gcp-test-12345/zones/us-central1-a/disks/testingvmgcp391"
              }
            ],
            "can_ip_forward": false,
            "confidential_instance_config": [],
            "cpu_platform": "Intel Broadwell",
            "current_status": "RUNNING",
            "deletion_protection": false,
            "description": "",
            "desired_status": null,
            "enable_display": false,
            "guest_accelerator": [],
            "hostname": "",
            "id": "projects/terraform-gcp-test-12345/zones/us-central1-a/instances/testingvmgcp391",
            "instance_id": "569906304651234932",
            "label_fingerprint": "42WmSpB8rSM=",
            "labels": null,
            "machine_type": "e2-small",
            "metadata": null,
            "metadata_fingerprint": "0dnvWXAlypM=",
            "metadata_startup_script": null,
            "min_cpu_platform": "",
            "name": "testingvmgcp391",
            "network_interface": [
              {
                "access_config": [
                  {
                    "nat_ip": "35.225.28.41",
                    "network_tier": "PREMIUM",
                    "public_ptr_domain_name": ""
                  }
                ],
                "alias_ip_range": [],
                "ipv6_access_config": [],
                "ipv6_access_type": "",
                "name": "nic0",
                "network": "https://www.googleapis.com/compute/v1/projects/terraform-gcp-test-12345/global/networks/my-network78933",
                "network_ip": "10.128.0.47",
                "nic_type": "",
                "queue_count": 0,
                "stack_type": "IPV4_ONLY",
                "subnetwork": "https://www.googleapis.com/compute/v1/projects/terraform-gcp-test-12345/regions/us-central1/subnetworks/my-network78933",
                "subnetwork_project": "terraform-gcp-test-12345"
              }
            ],
            "project": "terraform-gcp-test-12345",
            "reservation_affinity": [],
            "resource_policies": null,
            "scheduling": [
              {
                "automatic_restart": true,
                "instance_termination_action": "",
                "min_node_cpus": 0,
                "node_affinities": [],
                "on_host_maintenance": "MIGRATE",
                "preemptible": false,
                "provisioning_model": "STANDARD"
              }
            ],
            "scratch_disk": [],
            "self_link": "https://www.googleapis.com/compute/v1/projects/terraform-gcp-test-12345/zones/us-central1-a/instances/testingvmgcp391",
            "service_account": [],
            "shielded_instance_config": [
              {
                "enable_integrity_monitoring": true,
                "enable_secure_boot": false,
                "enable_vtpm": true
              }
            ],
            "tags": null,
            "tags_fingerprint": "42WmSpB8rSM=",
            "timeouts": null,
            "zone": "us-central1-a"
          },
          "sensitive_attributes": [],
          "private": "eyJlMmJmYjczMC1lY2FhLTExZTYtOGY4OC0zNDM2M2JjN2M0YzAiOnsiY3JlYXRlIjoxMjAwMDAwMDAwMDAwLCJkZWxldGUiOjEyMDAwMDAwMDAwMDAsInVwZGF0ZSI6MTIwMDAwMDAwMDAwMH0sInNjaGVtYV92ZXJzaW9uIjoiNiJ9",
          "dependencies": [
            "data.google_compute_network.my-network78933"
          ]
        }
      ]
    }
  ],
  "check_results": null
}
